
Microsoft Visual Studio Solution File, Format Version 12.00
# Visual Studio Version 17
VisualStudioVersion = 17.7.34031.279
MinimumVisualStudioVersion = 10.0.40219.1
Project("{FAE04EC0-301F-11D3-BF4B-00C04F79EFBC}") = "Plyfood", "Plyfood\Plyfood.csproj", "{2FF17F6E-0755-436F-AB86-46B27D7EE31D}"
EndProject
Global
	GlobalSection(SolutionConfigurationPlatforms) = preSolution
		Debug|Any CPU = Debug|Any CPU
		Release|Any CPU = Release|Any CPU
	EndGlobalSection
	GlobalSection(ProjectConfigurationPlatforms) = postSolution
		{2FF17F6E-0755-436F-AB86-46B27D7EE31D}.Debug|Any CPU.ActiveCfg = Debug|Any CPU
		{2FF17F6E-0755-436F-AB86-46B27D7EE31D}.Debug|Any CPU.Build.0 = Debug|Any CPU
		{2FF17F6E-0755-436F-AB86-46B27D7EE31D}.Release|Any CPU.ActiveCfg = Release|Any CPU
		{2FF17F6E-0755-436F-AB86-46B27D7EE31D}.Release|Any CPU.Build.0 = Release|Any CPU
	EndGlobalSection
	GlobalSection(SolutionProperties) = preSolution
		HideSolutionNode = FALSE
	EndGlobalSection
	GlobalSection(ExtensibilityGlobals) = postSolution
		SolutionGuid = {6ACACB4C-35AA-4C71-BEDF-633CB5FDAAFF}
	EndGlobalSection
EndGlobal
